// !$*UTF8*$!
{
	archiveVersion = 1;
	classes = {
	};
	objectVersion = 56;
	objects = {

/* Begin PBXBuildFile section */
		D51055322965DBA80007C188 /* TodayDetailController.swift in Sources */ = {isa = PBXBuildFile; fileRef = D51055312965DBA80007C188 /* TodayDetailController.swift */; };
		D51055342965E1C00007C188 /* TodayDetailControllerCell.swift in Sources */ = {isa = PBXBuildFile; fileRef = D51055332965E1C00007C188 /* TodayDetailControllerCell.swift */; };
		D59FFE8F29591F80001FD09A /* AppDelegate.swift in Sources */ = {isa = PBXBuildFile; fileRef = D59FFE8E29591F80001FD09A /* AppDelegate.swift */; };
		D59FFE9129591F80001FD09A /* SceneDelegate.swift in Sources */ = {isa = PBXBuildFile; fileRef = D59FFE9029591F80001FD09A /* SceneDelegate.swift */; };
		D59FFE9329591F80001FD09A /* ViewController.swift in Sources */ = {isa = PBXBuildFile; fileRef = D59FFE9229591F80001FD09A /* ViewController.swift */; };
		D59FFE9629591F80001FD09A /* Main.storyboard in Resources */ = {isa = PBXBuildFile; fileRef = D59FFE9429591F80001FD09A /* Main.storyboard */; };
		D59FFE9829591F82001FD09A /* Assets.xcassets in Resources */ = {isa = PBXBuildFile; fileRef = D59FFE9729591F82001FD09A /* Assets.xcassets */; };
		D59FFE9B29591F82001FD09A /* LaunchScreen.storyboard in Resources */ = {isa = PBXBuildFile; fileRef = D59FFE9929591F82001FD09A /* LaunchScreen.storyboard */; };
		D59FFEA529591FEE001FD09A /* BaseTabbarController.swift in Sources */ = {isa = PBXBuildFile; fileRef = D59FFEA429591FEE001FD09A /* BaseTabbarController.swift */; };
		D59FFEA729592400001FD09A /* TodayViewController.swift in Sources */ = {isa = PBXBuildFile; fileRef = D59FFEA629592400001FD09A /* TodayViewController.swift */; };
		D59FFEA929592410001FD09A /* AppsViewController.swift in Sources */ = {isa = PBXBuildFile; fileRef = D59FFEA829592410001FD09A /* AppsViewController.swift */; };
		D59FFEAB29592420001FD09A /* SearchViewController.swift in Sources */ = {isa = PBXBuildFile; fileRef = D59FFEAA29592420001FD09A /* SearchViewController.swift */; };
		D59FFEDE295A390B001FD09A /* SnapKit in Frameworks */ = {isa = PBXBuildFile; productRef = D59FFEDD295A390B001FD09A /* SnapKit */; };
		D59FFEE0295A3A43001FD09A /* SearchViewCell.swift in Sources */ = {isa = PBXBuildFile; fileRef = D59FFEDF295A3A43001FD09A /* SearchViewCell.swift */; };
		D59FFEE3295F0B30001FD09A /* NetworkCall.swift in Sources */ = {isa = PBXBuildFile; fileRef = D59FFEE2295F0B30001FD09A /* NetworkCall.swift */; };
		D59FFEE6295F19B3001FD09A /* Service.swift in Sources */ = {isa = PBXBuildFile; fileRef = D59FFEE5295F19B3001FD09A /* Service.swift */; };
		D59FFEE9295F23E3001FD09A /* SDWebImage in Frameworks */ = {isa = PBXBuildFile; productRef = D59FFEE8295F23E3001FD09A /* SDWebImage */; };
		D59FFEEC296117AE001FD09A /* BaseListController.swift in Sources */ = {isa = PBXBuildFile; fileRef = D59FFEEB296117AD001FD09A /* BaseListController.swift */; };
		D59FFEF12961F32A001FD09A /* AppsCollectionCell.swift in Sources */ = {isa = PBXBuildFile; fileRef = D59FFEF02961F32A001FD09A /* AppsCollectionCell.swift */; };
		D59FFEF32961FCAA001FD09A /* TodayCollectionCell.swift in Sources */ = {isa = PBXBuildFile; fileRef = D59FFEF22961FCAA001FD09A /* TodayCollectionCell.swift */; };
		D59FFEF529620379001FD09A /* HorizontallViewController.swift in Sources */ = {isa = PBXBuildFile; fileRef = D59FFEF429620379001FD09A /* HorizontallViewController.swift */; };
		D59FFEF72962084F001FD09A /* HorizontalCollectionCell.swift in Sources */ = {isa = PBXBuildFile; fileRef = D59FFEF62962084F001FD09A /* HorizontalCollectionCell.swift */; };
		D5AA61B02963438400CBDA43 /* AppsHeaderView.swift in Sources */ = {isa = PBXBuildFile; fileRef = D5AA61AF2963438400CBDA43 /* AppsHeaderView.swift */; };
		D5AA61B2296349F200CBDA43 /* AppsHorizontalHeaderView.swift in Sources */ = {isa = PBXBuildFile; fileRef = D5AA61B1296349F200CBDA43 /* AppsHorizontalHeaderView.swift */; };
		D5AA61B429634F2B00CBDA43 /* AppHeaderViewCell.swift in Sources */ = {isa = PBXBuildFile; fileRef = D5AA61B329634F2B00CBDA43 /* AppHeaderViewCell.swift */; };
		D5AA61B62963676200CBDA43 /* GamesModel.swift in Sources */ = {isa = PBXBuildFile; fileRef = D5AA61B52963676200CBDA43 /* GamesModel.swift */; };
		D5AA61B82964B85A00CBDA43 /* HeaderModel.swift in Sources */ = {isa = PBXBuildFile; fileRef = D5AA61B72964B85A00CBDA43 /* HeaderModel.swift */; };
		D5AA61BB2964CBC100CBDA43 /* AppDetailController.swift in Sources */ = {isa = PBXBuildFile; fileRef = D5AA61BA2964CBC100CBDA43 /* AppDetailController.swift */; };
/* End PBXBuildFile section */

/* Begin PBXFileReference section */
		D51055312965DBA80007C188 /* TodayDetailController.swift */ = {isa = PBXFileReference; lastKnownFileType = sourcecode.swift; path = TodayDetailController.swift; sourceTree = "<group>"; };
		D51055332965E1C00007C188 /* TodayDetailControllerCell.swift */ = {isa = PBXFileReference; lastKnownFileType = sourcecode.swift; path = TodayDetailControllerCell.swift; sourceTree = "<group>"; };
		D59FFE8B29591F80001FD09A /* AppStore.app */ = {isa = PBXFileReference; explicitFileType = wrapper.application; includeInIndex = 0; path = AppStore.app; sourceTree = BUILT_PRODUCTS_DIR; };
		D59FFE8E29591F80001FD09A /* AppDelegate.swift */ = {isa = PBXFileReference; lastKnownFileType = sourcecode.swift; path = AppDelegate.swift; sourceTree = "<group>"; };
		D59FFE9029591F80001FD09A /* SceneDelegate.swift */ = {isa = PBXFileReference; lastKnownFileType = sourcecode.swift; path = SceneDelegate.swift; sourceTree = "<group>"; };
		D59FFE9229591F80001FD09A /* ViewController.swift */ = {isa = PBXFileReference; lastKnownFileType = sourcecode.swift; path = ViewController.swift; sourceTree = "<group>"; };
		D59FFE9529591F80001FD09A /* Base */ = {isa = PBXFileReference; lastKnownFileType = file.storyboard; name = Base; path = Base.lproj/Main.storyboard; sourceTree = "<group>"; };
		D59FFE9729591F82001FD09A /* Assets.xcassets */ = {isa = PBXFileReference; lastKnownFileType = folder.assetcatalog; path = Assets.xcassets; sourceTree = "<group>"; };
		D59FFE9A29591F82001FD09A /* Base */ = {isa = PBXFileReference; lastKnownFileType = file.storyboard; name = Base; path = Base.lproj/LaunchScreen.storyboard; sourceTree = "<group>"; };
		D59FFE9C29591F82001FD09A /* Info.plist */ = {isa = PBXFileReference; lastKnownFileType = text.plist.xml; path = Info.plist; sourceTree = "<group>"; };
		D59FFEA429591FEE001FD09A /* BaseTabbarController.swift */ = {isa = PBXFileReference; lastKnownFileType = sourcecode.swift; path = BaseTabbarController.swift; sourceTree = "<group>"; };
		D59FFEA629592400001FD09A /* TodayViewController.swift */ = {isa = PBXFileReference; lastKnownFileType = sourcecode.swift; path = TodayViewController.swift; sourceTree = "<group>"; };
		D59FFEA829592410001FD09A /* AppsViewController.swift */ = {isa = PBXFileReference; lastKnownFileType = sourcecode.swift; path = AppsViewController.swift; sourceTree = "<group>"; };
		D59FFEAA29592420001FD09A /* SearchViewController.swift */ = {isa = PBXFileReference; lastKnownFileType = sourcecode.swift; path = SearchViewController.swift; sourceTree = "<group>"; };
		D59FFEDF295A3A43001FD09A /* SearchViewCell.swift */ = {isa = PBXFileReference; lastKnownFileType = sourcecode.swift; path = SearchViewCell.swift; sourceTree = "<group>"; };
		D59FFEE2295F0B30001FD09A /* NetworkCall.swift */ = {isa = PBXFileReference; lastKnownFileType = sourcecode.swift; path = NetworkCall.swift; sourceTree = "<group>"; };
		D59FFEE5295F19B3001FD09A /* Service.swift */ = {isa = PBXFileReference; lastKnownFileType = sourcecode.swift; path = Service.swift; sourceTree = "<group>"; };
		D59FFEEB296117AD001FD09A /* BaseListController.swift */ = {isa = PBXFileReference; lastKnownFileType = sourcecode.swift; path = BaseListController.swift; sourceTree = "<group>"; };
		D59FFEF02961F32A001FD09A /* AppsCollectionCell.swift */ = {isa = PBXFileReference; lastKnownFileType = sourcecode.swift; path = AppsCollectionCell.swift; sourceTree = "<group>"; };
		D59FFEF22961FCAA001FD09A /* TodayCollectionCell.swift */ = {isa = PBXFileReference; lastKnownFileType = sourcecode.swift; path = TodayCollectionCell.swift; sourceTree = "<group>"; };
		D59FFEF429620379001FD09A /* HorizontallViewController.swift */ = {isa = PBXFileReference; lastKnownFileType = sourcecode.swift; path = HorizontallViewController.swift; sourceTree = "<group>"; };
		D59FFEF62962084F001FD09A /* HorizontalCollectionCell.swift */ = {isa = PBXFileReference; lastKnownFileType = sourcecode.swift; path = HorizontalCollectionCell.swift; sourceTree = "<group>"; };
		D5AA61AF2963438400CBDA43 /* AppsHeaderView.swift */ = {isa = PBXFileReference; lastKnownFileType = sourcecode.swift; path = AppsHeaderView.swift; sourceTree = "<group>"; };
		D5AA61B1296349F200CBDA43 /* AppsHorizontalHeaderView.swift */ = {isa = PBXFileReference; lastKnownFileType = sourcecode.swift; path = AppsHorizontalHeaderView.swift; sourceTree = "<group>"; };
		D5AA61B329634F2B00CBDA43 /* AppHeaderViewCell.swift */ = {isa = PBXFileReference; lastKnownFileType = sourcecode.swift; path = AppHeaderViewCell.swift; sourceTree = "<group>"; };
		D5AA61B52963676200CBDA43 /* GamesModel.swift */ = {isa = PBXFileReference; lastKnownFileType = sourcecode.swift; path = GamesModel.swift; sourceTree = "<group>"; };
		D5AA61B72964B85A00CBDA43 /* HeaderModel.swift */ = {isa = PBXFileReference; lastKnownFileType = sourcecode.swift; path = HeaderModel.swift; sourceTree = "<group>"; };
		D5AA61BA2964CBC100CBDA43 /* AppDetailController.swift */ = {isa = PBXFileReference; lastKnownFileType = sourcecode.swift; path = AppDetailController.swift; sourceTree = "<group>"; };
/* End PBXFileReference section */

/* Begin PBXFrameworksBuildPhase section */
		D59FFE8829591F80001FD09A /* Frameworks */ = {
			isa = PBXFrameworksBuildPhase;
			buildActionMask = 2147483647;
			files = (
				D59FFEE9295F23E3001FD09A /* SDWebImage in Frameworks */,
				D59FFEDE295A390B001FD09A /* SnapKit in Frameworks */,
			);
			runOnlyForDeploymentPostprocessing = 0;
		};
/* End PBXFrameworksBuildPhase section */

/* Begin PBXGroup section */
		D59FFE8229591F80001FD09A = {
			isa = PBXGroup;
			children = (
				D59FFE8D29591F80001FD09A /* AppStore */,
				D59FFE8C29591F80001FD09A /* Products */,
			);
			sourceTree = "<group>";
		};
		D59FFE8C29591F80001FD09A /* Products */ = {
			isa = PBXGroup;
			children = (
				D59FFE8B29591F80001FD09A /* AppStore.app */,
			);
			name = Products;
			sourceTree = "<group>";
		};
		D59FFE8D29591F80001FD09A /* AppStore */ = {
			isa = PBXGroup;
			children = (
				D59FFEE4295F19A2001FD09A /* Service */,
				D59FFEE1295F0A58001FD09A /* Model */,
				D59FFEA329591FBF001FD09A /* Tabbar */,
				D59FFEA229591FB0001FD09A /* Controllers */,
				D59FFE8E29591F80001FD09A /* AppDelegate.swift */,
				D59FFE9029591F80001FD09A /* SceneDelegate.swift */,
				D59FFE9229591F80001FD09A /* ViewController.swift */,
				D59FFE9429591F80001FD09A /* Main.storyboard */,
				D59FFE9729591F82001FD09A /* Assets.xcassets */,
				D59FFE9929591F82001FD09A /* LaunchScreen.storyboard */,
				D59FFE9C29591F82001FD09A /* Info.plist */,
			);
			path = AppStore;
			sourceTree = "<group>";
		};
		D59FFEA229591FB0001FD09A /* Controllers */ = {
			isa = PBXGroup;
			children = (
				D59FFEEF2961F222001FD09A /* Apps */,
				D59FFEEE2961F20E001FD09A /* Today */,
				D59FFEED2961F1F6001FD09A /* Search */,
				D59FFEEA29611786001FD09A /* BaseControllers */,
			);
			path = Controllers;
			sourceTree = "<group>";
		};
		D59FFEA329591FBF001FD09A /* Tabbar */ = {
			isa = PBXGroup;
			children = (
				D59FFEA429591FEE001FD09A /* BaseTabbarController.swift */,
			);
			path = Tabbar;
			sourceTree = "<group>";
		};
		D59FFEE1295F0A58001FD09A /* Model */ = {
			isa = PBXGroup;
			children = (
				D59FFEE2295F0B30001FD09A /* NetworkCall.swift */,
				D5AA61B52963676200CBDA43 /* GamesModel.swift */,
				D5AA61B72964B85A00CBDA43 /* HeaderModel.swift */,
			);
			path = Model;
			sourceTree = "<group>";
		};
		D59FFEE4295F19A2001FD09A /* Service */ = {
			isa = PBXGroup;
			children = (
				D59FFEE5295F19B3001FD09A /* Service.swift */,
			);
			path = Service;
			sourceTree = "<group>";
		};
		D59FFEEA29611786001FD09A /* BaseControllers */ = {
			isa = PBXGroup;
			children = (
				D59FFEEB296117AD001FD09A /* BaseListController.swift */,
			);
			path = BaseControllers;
			sourceTree = "<group>";
		};
		D59FFEED2961F1F6001FD09A /* Search */ = {
			isa = PBXGroup;
			children = (
				D59FFEAA29592420001FD09A /* SearchViewController.swift */,
				D59FFEDF295A3A43001FD09A /* SearchViewCell.swift */,
			);
			path = Search;
			sourceTree = "<group>";
		};
		D59FFEEE2961F20E001FD09A /* Today */ = {
			isa = PBXGroup;
			children = (
				D59FFEA629592400001FD09A /* TodayViewController.swift */,
				D59FFEF22961FCAA001FD09A /* TodayCollectionCell.swift */,
				D51055312965DBA80007C188 /* TodayDetailController.swift */,
				D51055332965E1C00007C188 /* TodayDetailControllerCell.swift */,
			);
			path = Today;
			sourceTree = "<group>";
		};
		D59FFEEF2961F222001FD09A /* Apps */ = {
			isa = PBXGroup;
			children = (
				D5AA61B92964CB8B00CBDA43 /* DetailPage */,
				D59FFEA829592410001FD09A /* AppsViewController.swift */,
				D59FFEF02961F32A001FD09A /* AppsCollectionCell.swift */,
				D59FFEF429620379001FD09A /* HorizontallViewController.swift */,
				D59FFEF62962084F001FD09A /* HorizontalCollectionCell.swift */,
				D5AA61B1296349F200CBDA43 /* AppsHorizontalHeaderView.swift */,
				D5AA61AF2963438400CBDA43 /* AppsHeaderView.swift */,
				D5AA61B329634F2B00CBDA43 /* AppHeaderViewCell.swift */,
			);
			path = Apps;
			sourceTree = "<group>";
		};
		D5AA61B92964CB8B00CBDA43 /* DetailPage */ = {
			isa = PBXGroup;
			children = (
				D5AA61BA2964CBC100CBDA43 /* AppDetailController.swift */,
			);
			path = DetailPage;
			sourceTree = "<group>";
		};
/* End PBXGroup section */

/* Begin PBXNativeTarget section */
		D59FFE8A29591F80001FD09A /* AppStore */ = {
			isa = PBXNativeTarget;
			buildConfigurationList = D59FFE9F29591F82001FD09A /* Build configuration list for PBXNativeTarget "AppStore" */;
			buildPhases = (
				D59FFE8729591F80001FD09A /* Sources */,
				D59FFE8829591F80001FD09A /* Frameworks */,
				D59FFE8929591F80001FD09A /* Resources */,
			);
			buildRules = (
			);
			dependencies = (
			);
			name = AppStore;
			packageProductDependencies = (
				D59FFEDD295A390B001FD09A /* SnapKit */,
				D59FFEE8295F23E3001FD09A /* SDWebImage */,
			);
			productName = AppStore;
			productReference = D59FFE8B29591F80001FD09A /* AppStore.app */;
			productType = "com.apple.product-type.application";
		};
/* End PBXNativeTarget section */

/* Begin PBXProject section */
		D59FFE8329591F80001FD09A /* Project object */ = {
			isa = PBXProject;
			attributes = {
				BuildIndependentTargetsInParallel = 1;
				LastSwiftUpdateCheck = 1420;
				LastUpgradeCheck = 1420;
				TargetAttributes = {
					D59FFE8A29591F80001FD09A = {
						CreatedOnToolsVersion = 14.2;
					};
				};
			};
			buildConfigurationList = D59FFE8629591F80001FD09A /* Build configuration list for PBXProject "AppStore" */;
			compatibilityVersion = "Xcode 14.0";
			developmentRegion = en;
			hasScannedForEncodings = 0;
			knownRegions = (
				en,
				Base,
			);
			mainGroup = D59FFE8229591F80001FD09A;
			packageReferences = (
				D59FFEDC295A390B001FD09A /* XCRemoteSwiftPackageReference "SnapKit" */,
				D59FFEE7295F23E3001FD09A /* XCRemoteSwiftPackageReference "SDWebImage" */,
			);
			productRefGroup = D59FFE8C29591F80001FD09A /* Products */;
			projectDirPath = "";
			projectRoot = "";
			targets = (
				D59FFE8A29591F80001FD09A /* AppStore */,
			);
		};
/* End PBXProject section */

/* Begin PBXResourcesBuildPhase section */
		D59FFE8929591F80001FD09A /* Resources */ = {
			isa = PBXResourcesBuildPhase;
			buildActionMask = 2147483647;
			files = (
				D59FFE9B29591F82001FD09A /* LaunchScreen.storyboard in Resources */,
				D59FFE9829591F82001FD09A /* Assets.xcassets in Resources */,
				D59FFE9629591F80001FD09A /* Main.storyboard in Resources */,
			);
			runOnlyForDeploymentPostprocessing = 0;
		};
/* End PBXResourcesBuildPhase section */

/* Begin PBXSourcesBuildPhase section */
		D59FFE8729591F80001FD09A /* Sources */ = {
			isa = PBXSourcesBuildPhase;
			buildActionMask = 2147483647;
			files = (
				D5AA61BB2964CBC100CBDA43 /* AppDetailController.swift in Sources */,
				D59FFEE0295A3A43001FD09A /* SearchViewCell.swift in Sources */,
				D59FFEE3295F0B30001FD09A /* NetworkCall.swift in Sources */,
				D59FFEA529591FEE001FD09A /* BaseTabbarController.swift in Sources */,
				D5AA61B429634F2B00CBDA43 /* AppHeaderViewCell.swift in Sources */,
				D59FFEF32961FCAA001FD09A /* TodayCollectionCell.swift in Sources */,
				D59FFEF12961F32A001FD09A /* AppsCollectionCell.swift in Sources */,
				D59FFEF72962084F001FD09A /* HorizontalCollectionCell.swift in Sources */,
				D59FFEAB29592420001FD09A /* SearchViewController.swift in Sources */,
				D59FFE9329591F80001FD09A /* ViewController.swift in Sources */,
				D5AA61B2296349F200CBDA43 /* AppsHorizontalHeaderView.swift in Sources */,
				D5AA61B02963438400CBDA43 /* AppsHeaderView.swift in Sources */,
				D51055342965E1C00007C188 /* TodayDetailControllerCell.swift in Sources */,
				D51055322965DBA80007C188 /* TodayDetailController.swift in Sources */,
				D59FFEEC296117AE001FD09A /* BaseListController.swift in Sources */,
				D59FFEA929592410001FD09A /* AppsViewController.swift in Sources */,
				D59FFEA729592400001FD09A /* TodayViewController.swift in Sources */,
				D5AA61B82964B85A00CBDA43 /* HeaderModel.swift in Sources */,
				D59FFEE6295F19B3001FD09A /* Service.swift in Sources */,
				D59FFE8F29591F80001FD09A /* AppDelegate.swift in Sources */,
				D59FFE9129591F80001FD09A /* SceneDelegate.swift in Sources */,
				D5AA61B62963676200CBDA43 /* GamesModel.swift in Sources */,
				D59FFEF529620379001FD09A /* HorizontallViewController.swift in Sources */,
			);
			runOnlyForDeploymentPostprocessing = 0;
		};
/* End PBXSourcesBuildPhase section */

/* Begin PBXVariantGroup section */
		D59FFE9429591F80001FD09A /* Main.storyboard */ = {
			isa = PBXVariantGroup;
			children = (
				D59FFE9529591F80001FD09A /* Base */,
			);
			name = Main.storyboard;
			sourceTree = "<group>";
		};
		D59FFE9929591F82001FD09A /* LaunchScreen.storyboard */ = {
			isa = PBXVariantGroup;
			children = (
				D59FFE9A29591F82001FD09A /* Base */,
			);
			name = LaunchScreen.storyboard;
			sourceTree = "<group>";
		};
/* End PBXVariantGroup section */

/* Begin XCBuildConfiguration section */
		D59FFE9D29591F82001FD09A /* Debug */ = {
			isa = XCBuildConfiguration;
			buildSettings = {
				ALWAYS_SEARCH_USER_PATHS = NO;
				CLANG_ANALYZER_NONNULL = YES;
				CLANG_ANALYZER_NUMBER_OBJECT_CONVERSION = YES_AGGRESSIVE;
				CLANG_CXX_LANGUAGE_STANDARD = "gnu++20";
				CLANG_ENABLE_MODULES = YES;
				CLANG_ENABLE_OBJC_ARC = YES;
				CLANG_ENABLE_OBJC_WEAK = YES;
				CLANG_WARN_BLOCK_CAPTURE_AUTORELEASING = YES;
				CLANG_WARN_BOOL_CONVERSION = YES;
				CLANG_WARN_COMMA = YES;
				CLANG_WARN_CONSTANT_CONVERSION = YES;
				CLANG_WARN_DEPRECATED_OBJC_IMPLEMENTATIONS = YES;
				CLANG_WARN_DIRECT_OBJC_ISA_USAGE = YES_ERROR;
				CLANG_WARN_DOCUMENTATION_COMMENTS = YES;
				CLANG_WARN_EMPTY_BODY = YES;
				CLANG_WARN_ENUM_CONVERSION = YES;
				CLANG_WARN_INFINITE_RECURSION = YES;
				CLANG_WARN_INT_CONVERSION = YES;
				CLANG_WARN_NON_LITERAL_NULL_CONVERSION = YES;
				CLANG_WARN_OBJC_IMPLICIT_RETAIN_SELF = YES;
				CLANG_WARN_OBJC_LITERAL_CONVERSION = YES;
				CLANG_WARN_OBJC_ROOT_CLASS = YES_ERROR;
				CLANG_WARN_QUOTED_INCLUDE_IN_FRAMEWORK_HEADER = YES;
				CLANG_WARN_RANGE_LOOP_ANALYSIS = YES;
				CLANG_WARN_STRICT_PROTOTYPES = YES;
				CLANG_WARN_SUSPICIOUS_MOVE = YES;
				CLANG_WARN_UNGUARDED_AVAILABILITY = YES_AGGRESSIVE;
				CLANG_WARN_UNREACHABLE_CODE = YES;
				CLANG_WARN__DUPLICATE_METHOD_MATCH = YES;
				COPY_PHASE_STRIP = NO;
				DEBUG_INFORMATION_FORMAT = dwarf;
				ENABLE_STRICT_OBJC_MSGSEND = YES;
				ENABLE_TESTABILITY = YES;
				GCC_C_LANGUAGE_STANDARD = gnu11;
				GCC_DYNAMIC_NO_PIC = NO;
				GCC_NO_COMMON_BLOCKS = YES;
				GCC_OPTIMIZATION_LEVEL = 0;
				GCC_PREPROCESSOR_DEFINITIONS = (
					"DEBUG=1",
					"$(inherited)",
				);
				GCC_WARN_64_TO_32_BIT_CONVERSION = YES;
				GCC_WARN_ABOUT_RETURN_TYPE = YES_ERROR;
				GCC_WARN_UNDECLARED_SELECTOR = YES;
				GCC_WARN_UNINITIALIZED_AUTOS = YES_AGGRESSIVE;
				GCC_WARN_UNUSED_FUNCTION = YES;
				GCC_WARN_UNUSED_VARIABLE = YES;
				IPHONEOS_DEPLOYMENT_TARGET = 16.2;
				MTL_ENABLE_DEBUG_INFO = INCLUDE_SOURCE;
				MTL_FAST_MATH = YES;
				ONLY_ACTIVE_ARCH = YES;
				SDKROOT = iphoneos;
				SWIFT_ACTIVE_COMPILATION_CONDITIONS = DEBUG;
				SWIFT_OPTIMIZATION_LEVEL = "-Onone";
			};
			name = Debug;
		};
		D59FFE9E29591F82001FD09A /* Release */ = {
			isa = XCBuildConfiguration;
			buildSettings = {
				ALWAYS_SEARCH_USER_PATHS = NO;
				CLANG_ANALYZER_NONNULL = YES;
				CLANG_ANALYZER_NUMBER_OBJECT_CONVERSION = YES_AGGRESSIVE;
				CLANG_CXX_LANGUAGE_STANDARD = "gnu++20";
				CLANG_ENABLE_MODULES = YES;
				CLANG_ENABLE_OBJC_ARC = YES;
				CLANG_ENABLE_OBJC_WEAK = YES;
				CLANG_WARN_BLOCK_CAPTURE_AUTORELEASING = YES;
				CLANG_WARN_BOOL_CONVERSION = YES;
				CLANG_WARN_COMMA = YES;
				CLANG_WARN_CONSTANT_CONVERSION = YES;
				CLANG_WARN_DEPRECATED_OBJC_IMPLEMENTATIONS = YES;
				CLANG_WARN_DIRECT_OBJC_ISA_USAGE = YES_ERROR;
				CLANG_WARN_DOCUMENTATION_COMMENTS = YES;
				CLANG_WARN_EMPTY_BODY = YES;
				CLANG_WARN_ENUM_CONVERSION = YES;
				CLANG_WARN_INFINITE_RECURSION = YES;
				CLANG_WARN_INT_CONVERSION = YES;
				CLANG_WARN_NON_LITERAL_NULL_CONVERSION = YES;
				CLANG_WARN_OBJC_IMPLICIT_RETAIN_SELF = YES;
				CLANG_WARN_OBJC_LITERAL_CONVERSION = YES;
				CLANG_WARN_OBJC_ROOT_CLASS = YES_ERROR;
				CLANG_WARN_QUOTED_INCLUDE_IN_FRAMEWORK_HEADER = YES;
				CLANG_WARN_RANGE_LOOP_ANALYSIS = YES;
				CLANG_WARN_STRICT_PROTOTYPES = YES;
				CLANG_WARN_SUSPICIOUS_MOVE = YES;
				CLANG_WARN_UNGUARDED_AVAILABILITY = YES_AGGRESSIVE;
				CLANG_WARN_UNREACHABLE_CODE = YES;
				CLANG_WARN__DUPLICATE_METHOD_MATCH = YES;
				COPY_PHASE_STRIP = NO;
				DEBUG_INFORMATION_FORMAT = "dwarf-with-dsym";
				ENABLE_NS_ASSERTIONS = NO;
				ENABLE_STRICT_OBJC_MSGSEND = YES;
				GCC_C_LANGUAGE_STANDARD = gnu11;
				GCC_NO_COMMON_BLOCKS = YES;
				GCC_WARN_64_TO_32_BIT_CONVERSION = YES;
				GCC_WARN_ABOUT_RETURN_TYPE = YES_ERROR;
				GCC_WARN_UNDECLARED_SELECTOR = YES;
				GCC_WARN_UNINITIALIZED_AUTOS = YES_AGGRESSIVE;
				GCC_WARN_UNUSED_FUNCTION = YES;
				GCC_WARN_UNUSED_VARIABLE = YES;
				IPHONEOS_DEPLOYMENT_TARGET = 16.2;
				MTL_ENABLE_DEBUG_INFO = NO;
				MTL_FAST_MATH = YES;
				SDKROOT = iphoneos;
				SWIFT_COMPILATION_MODE = wholemodule;
				SWIFT_OPTIMIZATION_LEVEL = "-O";
				VALIDATE_PRODUCT = YES;
			};
			name = Release;
		};
		D59FFEA029591F82001FD09A /* Debug */ = {
			isa = XCBuildConfiguration;
			buildSettings = {
				ASSETCATALOG_COMPILER_APPICON_NAME = AppIcon;
				ASSETCATALOG_COMPILER_GLOBAL_ACCENT_COLOR_NAME = AccentColor;
				CODE_SIGN_STYLE = Automatic;
				CURRENT_PROJECT_VERSION = 1;
				DEVELOPMENT_TEAM = T7C6N2U8Z3;
				GENERATE_INFOPLIST_FILE = YES;
				INFOPLIST_FILE = AppStore/Info.plist;
				INFOPLIST_KEY_UIApplicationSupportsIndirectInputEvents = YES;
				INFOPLIST_KEY_UILaunchStoryboardName = LaunchScreen;
				INFOPLIST_KEY_UIMainStoryboardFile = Main;
				INFOPLIST_KEY_UISupportedInterfaceOrientations = UIInterfaceOrientationPortrait;
				INFOPLIST_KEY_UISupportedInterfaceOrientations_iPad = "UIInterfaceOrientationLandscapeLeft UIInterfaceOrientationLandscapeRight UIInterfaceOrientationPortrait UIInterfaceOrientationPortraitUpsideDown";
				LD_RUNPATH_SEARCH_PATHS = (
					"$(inherited)",
					"@executable_path/Frameworks",
				);
				MARKETING_VERSION = 1.0;
				PRODUCT_BUNDLE_IDENTIFIER = muhammadjon.com.AppStore;
				PRODUCT_NAME = "$(TARGET_NAME)";
				SWIFT_EMIT_LOC_STRINGS = YES;
				SWIFT_VERSION = 5.0;
				TARGETED_DEVICE_FAMILY = "1,2";
			};
			name = Debug;
		};
		D59FFEA129591F82001FD09A /* Release */ = {
			isa = XCBuildConfiguration;
			buildSettings = {
				ASSETCATALOG_COMPILER_APPICON_NAME = AppIcon;
				ASSETCATALOG_COMPILER_GLOBAL_ACCENT_COLOR_NAME = AccentColor;
				CODE_SIGN_STYLE = Automatic;
				CURRENT_PROJECT_VERSION = 1;
				DEVELOPMENT_TEAM = T7C6N2U8Z3;
				GENERATE_INFOPLIST_FILE = YES;
				INFOPLIST_FILE = AppStore/Info.plist;
				INFOPLIST_KEY_UIApplicationSupportsIndirectInputEvents = YES;
				INFOPLIST_KEY_UILaunchStoryboardName = LaunchScreen;
				INFOPLIST_KEY_UIMainStoryboardFile = Main;
				INFOPLIST_KEY_UISupportedInterfaceOrientations = UIInterfaceOrientationPortrait;
				INFOPLIST_KEY_UISupportedInterfaceOrientations_iPad = "UIInterfaceOrientationLandscapeLeft UIInterfaceOrientationLandscapeRight UIInterfaceOrientationPortrait UIInterfaceOrientationPortraitUpsideDown";
				LD_RUNPATH_SEARCH_PATHS = (
					"$(inherited)",
					"@executable_path/Frameworks",
				);
				MARKETING_VERSION = 1.0;
				PRODUCT_BUNDLE_IDENTIFIER = muhammadjon.com.AppStore;
				PRODUCT_NAME = "$(TARGET_NAME)";
				SWIFT_EMIT_LOC_STRINGS = YES;
				SWIFT_VERSION = 5.0;
				TARGETED_DEVICE_FAMILY = "1,2";
			};
			name = Release;
		};
/* End XCBuildConfiguration section */

/* Begin XCConfigurationList section */
		D59FFE8629591F80001FD09A /* Build configuration list for PBXProject "AppStore" */ = {
			isa = XCConfigurationList;
			buildConfigurations = (
				D59FFE9D29591F82001FD09A /* Debug */,
				D59FFE9E29591F82001FD09A /* Release */,
			);
			defaultConfigurationIsVisible = 0;
			defaultConfigurationName = Release;
		};
		D59FFE9F29591F82001FD09A /* Build configuration list for PBXNativeTarget "AppStore" */ = {
			isa = XCConfigurationList;
			buildConfigurations = (
				D59FFEA029591F82001FD09A /* Debug */,
				D59FFEA129591F82001FD09A /* Release */,
			);
			defaultConfigurationIsVisible = 0;
			defaultConfigurationName = Release;
		};
/* End XCConfigurationList section */

/* Begin XCRemoteSwiftPackageReference section */
		D59FFEDC295A390B001FD09A /* XCRemoteSwiftPackageReference "SnapKit" */ = {
			isa = XCRemoteSwiftPackageReference;
			repositoryURL = "https://github.com/SnapKit/SnapKit.git";
			requirement = {
				kind = upToNextMajorVersion;
				minimumVersion = 5.0.0;
			};
		};
		D59FFEE7295F23E3001FD09A /* XCRemoteSwiftPackageReference "SDWebImage" */ = {
			isa = XCRemoteSwiftPackageReference;
			repositoryURL = "https://github.com/SDWebImage/SDWebImage.git";
			requirement = {
				kind = upToNextMajorVersion;
				minimumVersion = 5.0.0;
			};
		};
/* End XCRemoteSwiftPackageReference section */

/* Begin XCSwiftPackageProductDependency section */
		D59FFEDD295A390B001FD09A /* SnapKit */ = {
			isa = XCSwiftPackageProductDependency;
			package = D59FFEDC295A390B001FD09A /* XCRemoteSwiftPackageReference "SnapKit" */;
			productName = SnapKit;
		};
		D59FFEE8295F23E3001FD09A /* SDWebImage */ = {
			isa = XCSwiftPackageProductDependency;
			package = D59FFEE7295F23E3001FD09A /* XCRemoteSwiftPackageReference "SDWebImage" */;
			productName = SDWebImage;
		};
/* End XCSwiftPackageProductDependency section */
	};
	rootObject = D59FFE8329591F80001FD09A /* Project object */;
}
